# This file is automatically @generated by Poetry 1.7.1 and should not be changed by hand.

[[package]]
name = "my-lib"
version = "0.1.0"
description = ""
optional = false
python-versions = "^3.9"
files = []
develop = true

[package.source]
type = "directory"
url = "../my-lib"

[metadata]
lock-version = "2.0"
python-versions = "^3.9"
content-hash = "f73d8834147d4f0d0fbdd73585482ecbc782b58721ea1d85ddc06e819990f58e"
